#!!! DO NOT UPDATE THIS FILE MANUALLY !!! Run 'npm run cypress:vr:update' if you want to update the base snapshots. If you are getting merge conflicts, it means that the snapshots were updated on the branch you are trying to merge into. Merge from the that branch and run the aforementioned npm command.
last_update_commit: d85556ea779376c539467cca0d08ed0e3bf01f39
